<Solution>
  <Configurations>
    <Platform Name="Any CPU" />
    <Platform Name="x86" />
  </Configurations>
  <Project Path="../A04NNGH_HandpanSetup/A04NNGH_HandpanSetup.vdproj" Type="Installer">
    <BuildType Solution="Debug|Any CPU" Project="Release" />
    <Build Solution="Debug|Any CPU" />
  </Project>
  <Project Path="A04NNGHHandpan.csproj" Id="59901b2f-2586-4565-a7b9-22adf56bdbca">
    <Platform Solution="*|x86" Project="x86" />
  </Project>
</Solution>
